
Microsoft Visual Studio Solution File, Format Version 12.00
# Visual Studio 15
VisualStudioVersion = 15.0.28307.539
MinimumVisualStudioVersion = 10.0.40219.1
Project("{FAE04EC0-301F-11D3-BF4B-00C04F79EFBC}") = "Eplan.EplAddin.SpecificationOfProjects", "Eplan.EplAddin.SpecificationOfProjects\Eplan.EplAddin.SpecificationOfProjects.csproj", "{45B1A07D-DE8A-4DC8-99F4-F797EC194DF1}"
EndProject
Project("{FAE04EC0-301F-11D3-BF4B-00C04F79EFBC}") = "DataBaseLibrary", "DataBaseLibrary\DataBaseLibrary.csproj", "{9895FEE3-29B1-4BCA-AF93-57B835DB80E5}"
EndProject
Project("{FAE04EC0-301F-11D3-BF4B-00C04F79EFBC}") = "SpecificationOfProject.Client", "SpecificationOfProject.Client\SpecificationOfProject.Client.csproj", "{03949FA2-0724-4252-95D3-18F1A4C321F8}"
EndProject
Global
	GlobalSection(SolutionConfigurationPlatforms) = preSolution
		Debug|Any CPU = Debug|Any CPU
		Release|Any CPU = Release|Any CPU
	EndGlobalSection
	GlobalSection(ProjectConfigurationPlatforms) = postSolution
		{45B1A07D-DE8A-4DC8-99F4-F797EC194DF1}.Debug|Any CPU.ActiveCfg = Debug|Any CPU
		{45B1A07D-DE8A-4DC8-99F4-F797EC194DF1}.Debug|Any CPU.Build.0 = Debug|Any CPU
		{45B1A07D-DE8A-4DC8-99F4-F797EC194DF1}.Release|Any CPU.ActiveCfg = Release|Any CPU
		{45B1A07D-DE8A-4DC8-99F4-F797EC194DF1}.Release|Any CPU.Build.0 = Release|Any CPU
		{9895FEE3-29B1-4BCA-AF93-57B835DB80E5}.Debug|Any CPU.ActiveCfg = Debug|Any CPU
		{9895FEE3-29B1-4BCA-AF93-57B835DB80E5}.Debug|Any CPU.Build.0 = Debug|Any CPU
		{9895FEE3-29B1-4BCA-AF93-57B835DB80E5}.Release|Any CPU.ActiveCfg = Release|Any CPU
		{9895FEE3-29B1-4BCA-AF93-57B835DB80E5}.Release|Any CPU.Build.0 = Release|Any CPU
		{03949FA2-0724-4252-95D3-18F1A4C321F8}.Debug|Any CPU.ActiveCfg = Debug|Any CPU
		{03949FA2-0724-4252-95D3-18F1A4C321F8}.Debug|Any CPU.Build.0 = Debug|Any CPU
		{03949FA2-0724-4252-95D3-18F1A4C321F8}.Release|Any CPU.ActiveCfg = Release|Any CPU
		{03949FA2-0724-4252-95D3-18F1A4C321F8}.Release|Any CPU.Build.0 = Release|Any CPU
	EndGlobalSection
	GlobalSection(SolutionProperties) = preSolution
		HideSolutionNode = FALSE
	EndGlobalSection
	GlobalSection(ExtensibilityGlobals) = postSolution
		SolutionGuid = {878972E5-A707-4C93-88FE-19CA225972DB}
	EndGlobalSection
EndGlobal
